
Microsoft Visual Studio Solution File, Format Version 12.00
# Visual Studio Version 16
VisualStudioVersion = 16.0.31702.278
MinimumVisualStudioVersion = 10.0.40219.1
Project("{FAE04EC0-301F-11D3-BF4B-00C04F79EFBC}") = "CYK_Validator", "CYK_Validator\CYK_Validator.csproj", "{66689ADF-9F74-4F47-8923-78033B484586}"
EndProject
Global
	GlobalSection(SolutionConfigurationPlatforms) = preSolution
		Debug|Any CPU = Debug|Any CPU
		Release|Any CPU = Release|Any CPU
	EndGlobalSection
	GlobalSection(ProjectConfigurationPlatforms) = postSolution
		{66689ADF-9F74-4F47-8923-78033B484586}.Debug|Any CPU.ActiveCfg = Debug|Any CPU
		{66689ADF-9F74-4F47-8923-78033B484586}.Debug|Any CPU.Build.0 = Debug|Any CPU
		{66689ADF-9F74-4F47-8923-78033B484586}.Release|Any CPU.ActiveCfg = Release|Any CPU
		{66689ADF-9F74-4F47-8923-78033B484586}.Release|Any CPU.Build.0 = Release|Any CPU
	EndGlobalSection
	GlobalSection(SolutionProperties) = preSolution
		HideSolutionNode = FALSE
	EndGlobalSection
	GlobalSection(ExtensibilityGlobals) = postSolution
		SolutionGuid = {80CE41CF-7DEB-4BE0-9087-3976FEA42CD6}
	EndGlobalSection
EndGlobal
